
Microsoft Visual Studio Solution File, Format Version 12.00
# Visual Studio Version 16
VisualStudioVersion = 16.0.30804.86
MinimumVisualStudioVersion = 10.0.40219.1
Project("{9A19103F-16F7-4668-BE54-9A1E7A4F7556}") = "PersonalData", "PersonalData\PersonalData.csproj", "{40A81BFB-D0C6-4166-B92A-372B87E73420}"
EndProject
Project("{9A19103F-16F7-4668-BE54-9A1E7A4F7556}") = "DAL", "DAL\DAL.csproj", "{AE2DC60A-77AC-4729-8461-72F7626108B6}"
EndProject
Project("{9A19103F-16F7-4668-BE54-9A1E7A4F7556}") = "Service", "Service\Service.csproj", "{F59BE9DD-0772-44CA-87D9-D5346DAF4C79}"
EndProject
Project("{FAE04EC0-301F-11D3-BF4B-00C04F79EFBC}") = "BLL", "BLL\BLL.csproj", "{8C80ACF1-B82F-4C64-9D14-8D9C652D9756}"
EndProject
Global
	GlobalSection(SolutionConfigurationPlatforms) = preSolution
		Debug|Any CPU = Debug|Any CPU
		Release|Any CPU = Release|Any CPU
	EndGlobalSection
	GlobalSection(ProjectConfigurationPlatforms) = postSolution
		{40A81BFB-D0C6-4166-B92A-372B87E73420}.Debug|Any CPU.ActiveCfg = Debug|Any CPU
		{40A81BFB-D0C6-4166-B92A-372B87E73420}.Debug|Any CPU.Build.0 = Debug|Any CPU
		{40A81BFB-D0C6-4166-B92A-372B87E73420}.Release|Any CPU.ActiveCfg = Release|Any CPU
		{40A81BFB-D0C6-4166-B92A-372B87E73420}.Release|Any CPU.Build.0 = Release|Any CPU
		{AE2DC60A-77AC-4729-8461-72F7626108B6}.Debug|Any CPU.ActiveCfg = Debug|Any CPU
		{AE2DC60A-77AC-4729-8461-72F7626108B6}.Debug|Any CPU.Build.0 = Debug|Any CPU
		{AE2DC60A-77AC-4729-8461-72F7626108B6}.Release|Any CPU.ActiveCfg = Release|Any CPU
		{AE2DC60A-77AC-4729-8461-72F7626108B6}.Release|Any CPU.Build.0 = Release|Any CPU
		{F59BE9DD-0772-44CA-87D9-D5346DAF4C79}.Debug|Any CPU.ActiveCfg = Debug|Any CPU
		{F59BE9DD-0772-44CA-87D9-D5346DAF4C79}.Debug|Any CPU.Build.0 = Debug|Any CPU
		{F59BE9DD-0772-44CA-87D9-D5346DAF4C79}.Release|Any CPU.ActiveCfg = Release|Any CPU
		{F59BE9DD-0772-44CA-87D9-D5346DAF4C79}.Release|Any CPU.Build.0 = Release|Any CPU
		{8C80ACF1-B82F-4C64-9D14-8D9C652D9756}.Debug|Any CPU.ActiveCfg = Debug|Any CPU
		{8C80ACF1-B82F-4C64-9D14-8D9C652D9756}.Debug|Any CPU.Build.0 = Debug|Any CPU
		{8C80ACF1-B82F-4C64-9D14-8D9C652D9756}.Release|Any CPU.ActiveCfg = Release|Any CPU
		{8C80ACF1-B82F-4C64-9D14-8D9C652D9756}.Release|Any CPU.Build.0 = Release|Any CPU
	EndGlobalSection
	GlobalSection(SolutionProperties) = preSolution
		HideSolutionNode = FALSE
	EndGlobalSection
	GlobalSection(ExtensibilityGlobals) = postSolution
		SolutionGuid = {C82B2BE0-C38D-4896-9ABA-05382A101A65}
	EndGlobalSection
EndGlobal
